
Microsoft Visual Studio Solution File, Format Version 12.00
# Visual Studio Version 17
VisualStudioVersion = 17.0.32014.148
MinimumVisualStudioVersion = 10.0.40219.1
Project("{9A19103F-16F7-4668-BE54-9A1E7A4F7556}") = "EpewAdmin", "EpewAdmin\EpewAdmin.csproj", "{E32CE7C1-2994-4583-AB7A-DE45058EDFEC}"
EndProject
Project("{FAE04EC0-301F-11D3-BF4B-00C04F79EFBC}") = "EpewAdminTests", "EpewAdminTests\EpewAdminTests.csproj", "{02AD6A10-E0E8-472F-8FB0-C4CD25AED259}"
EndProject
Project("{9A19103F-16F7-4668-BE54-9A1E7A4F7556}") = "Epew", "..\Epew\Epew\Epew.csproj", "{CB9C4E36-68D9-446A-8B5F-9249CAE8C387}"
EndProject
Global
	GlobalSection(SolutionConfigurationPlatforms) = preSolution
		Debug|Any CPU = Debug|Any CPU
		Release|Any CPU = Release|Any CPU
	EndGlobalSection
	GlobalSection(ProjectConfigurationPlatforms) = postSolution
		{E32CE7C1-2994-4583-AB7A-DE45058EDFEC}.Debug|Any CPU.ActiveCfg = Debug|Any CPU
		{E32CE7C1-2994-4583-AB7A-DE45058EDFEC}.Debug|Any CPU.Build.0 = Debug|Any CPU
		{E32CE7C1-2994-4583-AB7A-DE45058EDFEC}.Release|Any CPU.ActiveCfg = Release|Any CPU
		{E32CE7C1-2994-4583-AB7A-DE45058EDFEC}.Release|Any CPU.Build.0 = Release|Any CPU
		{02AD6A10-E0E8-472F-8FB0-C4CD25AED259}.Debug|Any CPU.ActiveCfg = Debug|Any CPU
		{02AD6A10-E0E8-472F-8FB0-C4CD25AED259}.Debug|Any CPU.Build.0 = Debug|Any CPU
		{02AD6A10-E0E8-472F-8FB0-C4CD25AED259}.Release|Any CPU.ActiveCfg = Release|Any CPU
		{02AD6A10-E0E8-472F-8FB0-C4CD25AED259}.Release|Any CPU.Build.0 = Release|Any CPU
		{CB9C4E36-68D9-446A-8B5F-9249CAE8C387}.Debug|Any CPU.ActiveCfg = Debug|Any CPU
		{CB9C4E36-68D9-446A-8B5F-9249CAE8C387}.Debug|Any CPU.Build.0 = Debug|Any CPU
		{CB9C4E36-68D9-446A-8B5F-9249CAE8C387}.Release|Any CPU.ActiveCfg = Release|Any CPU
		{CB9C4E36-68D9-446A-8B5F-9249CAE8C387}.Release|Any CPU.Build.0 = Release|Any CPU
	EndGlobalSection
	GlobalSection(SolutionProperties) = preSolution
		HideSolutionNode = FALSE
	EndGlobalSection
	GlobalSection(ExtensibilityGlobals) = postSolution
		SolutionGuid = {4E5E8760-1921-4E65-ADB7-2885698A5D73}
	EndGlobalSection
EndGlobal
